
Microsoft Visual Studio Solution File, Format Version 12.00
# Visual Studio Version 16
VisualStudioVersion = 16.0.30907.101
MinimumVisualStudioVersion = 10.0.40219.1
Project("{9A19103F-16F7-4668-BE54-9A1E7A4F7556}") = "Java Internship Exercise", "Java Internship Exercise.csproj", "{B6401A07-315E-4D11-A4B7-B7D2292BC16E}"
EndProject
Global
	GlobalSection(SolutionConfigurationPlatforms) = preSolution
		Debug|Any CPU = Debug|Any CPU
		Release|Any CPU = Release|Any CPU
	EndGlobalSection
	GlobalSection(ProjectConfigurationPlatforms) = postSolution
		{B6401A07-315E-4D11-A4B7-B7D2292BC16E}.Debug|Any CPU.ActiveCfg = Debug|Any CPU
		{B6401A07-315E-4D11-A4B7-B7D2292BC16E}.Debug|Any CPU.Build.0 = Debug|Any CPU
		{B6401A07-315E-4D11-A4B7-B7D2292BC16E}.Release|Any CPU.ActiveCfg = Release|Any CPU
		{B6401A07-315E-4D11-A4B7-B7D2292BC16E}.Release|Any CPU.Build.0 = Release|Any CPU
	EndGlobalSection
	GlobalSection(SolutionProperties) = preSolution
		HideSolutionNode = FALSE
	EndGlobalSection
	GlobalSection(ExtensibilityGlobals) = postSolution
		SolutionGuid = {B3D5D0D9-2314-4281-9FF3-17EC5F95EF12}
	EndGlobalSection
EndGlobal
